// !$*UTF8*$!
{
	archiveVersion = 1;
	classes = {
	};
	objectVersion = 55;
	objects = {

/* Begin PBXBuildFile section */
		171C9B46288236260048CA40 /* FotoGallery.swift in Sources */ = {isa = PBXBuildFile; fileRef = 171C9B45288236260048CA40 /* FotoGallery.swift */; };
		171C9B492882578E0048CA40 /* myFotoCollectionViewCell.swift in Sources */ = {isa = PBXBuildFile; fileRef = 171C9B472882578E0048CA40 /* myFotoCollectionViewCell.swift */; };
		171C9B4A2882578E0048CA40 /* myFotoCollectionViewCell.xib in Resources */ = {isa = PBXBuildFile; fileRef = 171C9B482882578E0048CA40 /* myFotoCollectionViewCell.xib */; };
		1723AB162872C2EF00DFD628 /* XibFriendsTableViewCell.swift in Sources */ = {isa = PBXBuildFile; fileRef = 1723AB142872C2EF00DFD628 /* XibFriendsTableViewCell.swift */; };
		1723AB172872C2EF00DFD628 /* XibFriendsTableViewCell.xib in Resources */ = {isa = PBXBuildFile; fileRef = 1723AB152872C2EF00DFD628 /* XibFriendsTableViewCell.xib */; };
		173B3E37285D456E00977AB8 /* AppDelegate.swift in Sources */ = {isa = PBXBuildFile; fileRef = 173B3E36285D456E00977AB8 /* AppDelegate.swift */; };
		173B3E39285D456E00977AB8 /* SceneDelegate.swift in Sources */ = {isa = PBXBuildFile; fileRef = 173B3E38285D456E00977AB8 /* SceneDelegate.swift */; };
		173B3E3B285D456E00977AB8 /* ViewController.swift in Sources */ = {isa = PBXBuildFile; fileRef = 173B3E3A285D456E00977AB8 /* ViewController.swift */; };
		173B3E3E285D456E00977AB8 /* Main.storyboard in Resources */ = {isa = PBXBuildFile; fileRef = 173B3E3C285D456E00977AB8 /* Main.storyboard */; };
		173B3E40285D457300977AB8 /* Assets.xcassets in Resources */ = {isa = PBXBuildFile; fileRef = 173B3E3F285D457300977AB8 /* Assets.xcassets */; };
		173B3E43285D457300977AB8 /* LaunchScreen.storyboard in Resources */ = {isa = PBXBuildFile; fileRef = 173B3E41285D457300977AB8 /* LaunchScreen.storyboard */; };
		1742CED4286A846000272B2F /* Group.swift in Sources */ = {isa = PBXBuildFile; fileRef = 1742CED3286A846000272B2F /* Group.swift */; };
		1742CEDB286AA28E00272B2F /* AddGroupTableViewController.swift in Sources */ = {isa = PBXBuildFile; fileRef = 1742CEDA286AA28E00272B2F /* AddGroupTableViewController.swift */; };
		1742CEDD286AA2AD00272B2F /* AddGroupTableViewCell.swift in Sources */ = {isa = PBXBuildFile; fileRef = 1742CEDC286AA2AD00272B2F /* AddGroupTableViewCell.swift */; };
		174ECE44287FB5E100898BF0 /* FullScreenViewController.swift in Sources */ = {isa = PBXBuildFile; fileRef = 174ECE43287FB5E100898BF0 /* FullScreenViewController.swift */; };
		174ECE47287FB98500898BF0 /* FullScreenCollectionViewCell.swift in Sources */ = {isa = PBXBuildFile; fileRef = 174ECE45287FB98500898BF0 /* FullScreenCollectionViewCell.swift */; };
		174ECE48287FB98500898BF0 /* FullScreenCollectionViewCell.xib in Resources */ = {isa = PBXBuildFile; fileRef = 174ECE46287FB98500898BF0 /* FullScreenCollectionViewCell.xib */; };
		1797A9FB28694510003DE1F8 /* FriendsTableViewController.swift in Sources */ = {isa = PBXBuildFile; fileRef = 1797A9FA28694510003DE1F8 /* FriendsTableViewController.swift */; };
		1797A9FD28694565003DE1F8 /* ProfileFriendsViewController.swift in Sources */ = {isa = PBXBuildFile; fileRef = 1797A9FC28694565003DE1F8 /* ProfileFriendsViewController.swift */; };
		1797A9FF2869492A003DE1F8 /* FriendsTableViewCell.swift in Sources */ = {isa = PBXBuildFile; fileRef = 1797A9FE2869492A003DE1F8 /* FriendsTableViewCell.swift */; };
		1797AA0128695030003DE1F8 /* Friends.swift in Sources */ = {isa = PBXBuildFile; fileRef = 1797AA0028695030003DE1F8 /* Friends.swift */; };
		1797AA0328695E48003DE1F8 /* IndividualCollectionViewController.swift in Sources */ = {isa = PBXBuildFile; fileRef = 1797AA0228695E48003DE1F8 /* IndividualCollectionViewController.swift */; };
		1797AA0728696C06003DE1F8 /* IndividualCollectionViewCell.swift in Sources */ = {isa = PBXBuildFile; fileRef = 1797AA0628696C06003DE1F8 /* IndividualCollectionViewCell.swift */; };
		1797AA0C28699B26003DE1F8 /* GroupTableViewCell.swift in Sources */ = {isa = PBXBuildFile; fileRef = 1797AA0B28699B26003DE1F8 /* GroupTableViewCell.swift */; };
		17B2E91A2873E2B100737AA7 /* NewsTableViewController.swift in Sources */ = {isa = PBXBuildFile; fileRef = 17B2E9192873E2B100737AA7 /* NewsTableViewController.swift */; };
		17B2E9202873F76700737AA7 /* NewsTableViewCell.swift in Sources */ = {isa = PBXBuildFile; fileRef = 17B2E91F2873F76700737AA7 /* NewsTableViewCell.swift */; };
		17B2E9222873FA0700737AA7 /* News.swift in Sources */ = {isa = PBXBuildFile; fileRef = 17B2E9212873FA0700737AA7 /* News.swift */; };
		17B2E92428743A9C00737AA7 /* NewsViewController.swift in Sources */ = {isa = PBXBuildFile; fileRef = 17B2E92328743A9C00737AA7 /* NewsViewController.swift */; };
		17D6409D286715D200E46304 /* UIViewController+extension.swift in Sources */ = {isa = PBXBuildFile; fileRef = 17D6409C286715D200E46304 /* UIViewController+extension.swift */; };
		17D640A32867468B00E46304 /* OneTabBarViewController.swift in Sources */ = {isa = PBXBuildFile; fileRef = 17D640A22867468B00E46304 /* OneTabBarViewController.swift */; };
		17D640A52867482A00E46304 /* GroupTableViewController.swift in Sources */ = {isa = PBXBuildFile; fileRef = 17D640A42867482A00E46304 /* GroupTableViewController.swift */; };
		17F98A35286BD50300A696B5 /* ProfileUserViewController.swift in Sources */ = {isa = PBXBuildFile; fileRef = 17F98A34286BD50300A696B5 /* ProfileUserViewController.swift */; };
		17F98A39286BDEC800A696B5 /* ProfileUser.swift in Sources */ = {isa = PBXBuildFile; fileRef = 17F98A38286BDEC800A696B5 /* ProfileUser.swift */; };
/* End PBXBuildFile section */

/* Begin PBXFileReference section */
		171C9B45288236260048CA40 /* FotoGallery.swift */ = {isa = PBXFileReference; lastKnownFileType = sourcecode.swift; path = FotoGallery.swift; sourceTree = "<group>"; };
		171C9B472882578E0048CA40 /* myFotoCollectionViewCell.swift */ = {isa = PBXFileReference; lastKnownFileType = sourcecode.swift; path = myFotoCollectionViewCell.swift; sourceTree = "<group>"; };
		171C9B482882578E0048CA40 /* myFotoCollectionViewCell.xib */ = {isa = PBXFileReference; lastKnownFileType = file.xib; path = myFotoCollectionViewCell.xib; sourceTree = "<group>"; };
		1723AB142872C2EF00DFD628 /* XibFriendsTableViewCell.swift */ = {isa = PBXFileReference; lastKnownFileType = sourcecode.swift; path = XibFriendsTableViewCell.swift; sourceTree = "<group>"; };
		1723AB152872C2EF00DFD628 /* XibFriendsTableViewCell.xib */ = {isa = PBXFileReference; lastKnownFileType = file.xib; path = XibFriendsTableViewCell.xib; sourceTree = "<group>"; };
		173B3E33285D456E00977AB8 /* InComX.app */ = {isa = PBXFileReference; explicitFileType = wrapper.application; includeInIndex = 0; path = InComX.app; sourceTree = BUILT_PRODUCTS_DIR; };
		173B3E36285D456E00977AB8 /* AppDelegate.swift */ = {isa = PBXFileReference; lastKnownFileType = sourcecode.swift; path = AppDelegate.swift; sourceTree = "<group>"; };
		173B3E38285D456E00977AB8 /* SceneDelegate.swift */ = {isa = PBXFileReference; lastKnownFileType = sourcecode.swift; path = SceneDelegate.swift; sourceTree = "<group>"; };
		173B3E3A285D456E00977AB8 /* ViewController.swift */ = {isa = PBXFileReference; lastKnownFileType = sourcecode.swift; path = ViewController.swift; sourceTree = "<group>"; };
		173B3E3D285D456E00977AB8 /* Base */ = {isa = PBXFileReference; lastKnownFileType = file.storyboard; name = Base; path = Base.lproj/Main.storyboard; sourceTree = "<group>"; };
		173B3E3F285D457300977AB8 /* Assets.xcassets */ = {isa = PBXFileReference; lastKnownFileType = folder.assetcatalog; path = Assets.xcassets; sourceTree = "<group>"; };
		173B3E42285D457300977AB8 /* Base */ = {isa = PBXFileReference; lastKnownFileType = file.storyboard; name = Base; path = Base.lproj/LaunchScreen.storyboard; sourceTree = "<group>"; };
		173B3E44285D457300977AB8 /* Info.plist */ = {isa = PBXFileReference; lastKnownFileType = text.plist.xml; path = Info.plist; sourceTree = "<group>"; };
		1742CED3286A846000272B2F /* Group.swift */ = {isa = PBXFileReference; lastKnownFileType = sourcecode.swift; path = Group.swift; sourceTree = "<group>"; };
		1742CEDA286AA28E00272B2F /* AddGroupTableViewController.swift */ = {isa = PBXFileReference; lastKnownFileType = sourcecode.swift; path = AddGroupTableViewController.swift; sourceTree = "<group>"; };
		1742CEDC286AA2AD00272B2F /* AddGroupTableViewCell.swift */ = {isa = PBXFileReference; lastKnownFileType = sourcecode.swift; path = AddGroupTableViewCell.swift; sourceTree = "<group>"; };
		174ECE43287FB5E100898BF0 /* FullScreenViewController.swift */ = {isa = PBXFileReference; lastKnownFileType = sourcecode.swift; path = FullScreenViewController.swift; sourceTree = "<group>"; };
		174ECE45287FB98500898BF0 /* FullScreenCollectionViewCell.swift */ = {isa = PBXFileReference; lastKnownFileType = sourcecode.swift; path = FullScreenCollectionViewCell.swift; sourceTree = "<group>"; };
		174ECE46287FB98500898BF0 /* FullScreenCollectionViewCell.xib */ = {isa = PBXFileReference; lastKnownFileType = file.xib; path = FullScreenCollectionViewCell.xib; sourceTree = "<group>"; };
		1797A9FA28694510003DE1F8 /* FriendsTableViewController.swift */ = {isa = PBXFileReference; lastKnownFileType = sourcecode.swift; path = FriendsTableViewController.swift; sourceTree = "<group>"; };
		1797A9FC28694565003DE1F8 /* ProfileFriendsViewController.swift */ = {isa = PBXFileReference; lastKnownFileType = sourcecode.swift; path = ProfileFriendsViewController.swift; sourceTree = "<group>"; };
		1797A9FE2869492A003DE1F8 /* FriendsTableViewCell.swift */ = {isa = PBXFileReference; lastKnownFileType = sourcecode.swift; path = FriendsTableViewCell.swift; sourceTree = "<group>"; };
		1797AA0028695030003DE1F8 /* Friends.swift */ = {isa = PBXFileReference; lastKnownFileType = sourcecode.swift; path = Friends.swift; sourceTree = "<group>"; };
		1797AA0228695E48003DE1F8 /* IndividualCollectionViewController.swift */ = {isa = PBXFileReference; lastKnownFileType = sourcecode.swift; path = IndividualCollectionViewController.swift; sourceTree = "<group>"; };
		1797AA0628696C06003DE1F8 /* IndividualCollectionViewCell.swift */ = {isa = PBXFileReference; lastKnownFileType = sourcecode.swift; path = IndividualCollectionViewCell.swift; sourceTree = "<group>"; };
		1797AA0B28699B26003DE1F8 /* GroupTableViewCell.swift */ = {isa = PBXFileReference; lastKnownFileType = sourcecode.swift; path = GroupTableViewCell.swift; sourceTree = "<group>"; };
		17B2E9192873E2B100737AA7 /* NewsTableViewController.swift */ = {isa = PBXFileReference; lastKnownFileType = sourcecode.swift; path = NewsTableViewController.swift; sourceTree = "<group>"; };
		17B2E91F2873F76700737AA7 /* NewsTableViewCell.swift */ = {isa = PBXFileReference; lastKnownFileType = sourcecode.swift; path = NewsTableViewCell.swift; sourceTree = "<group>"; };
		17B2E9212873FA0700737AA7 /* News.swift */ = {isa = PBXFileReference; lastKnownFileType = sourcecode.swift; path = News.swift; sourceTree = "<group>"; };
		17B2E92328743A9C00737AA7 /* NewsViewController.swift */ = {isa = PBXFileReference; lastKnownFileType = sourcecode.swift; path = NewsViewController.swift; sourceTree = "<group>"; };
		17D6409C286715D200E46304 /* UIViewController+extension.swift */ = {isa = PBXFileReference; lastKnownFileType = sourcecode.swift; path = "UIViewController+extension.swift"; sourceTree = "<group>"; };
		17D640A22867468B00E46304 /* OneTabBarViewController.swift */ = {isa = PBXFileReference; lastKnownFileType = sourcecode.swift; path = OneTabBarViewController.swift; sourceTree = "<group>"; };
		17D640A42867482A00E46304 /* GroupTableViewController.swift */ = {isa = PBXFileReference; lastKnownFileType = sourcecode.swift; path = GroupTableViewController.swift; sourceTree = "<group>"; };
		17F98A34286BD50300A696B5 /* ProfileUserViewController.swift */ = {isa = PBXFileReference; lastKnownFileType = sourcecode.swift; path = ProfileUserViewController.swift; sourceTree = "<group>"; };
		17F98A38286BDEC800A696B5 /* ProfileUser.swift */ = {isa = PBXFileReference; lastKnownFileType = sourcecode.swift; path = ProfileUser.swift; sourceTree = "<group>"; };
/* End PBXFileReference section */

/* Begin PBXFrameworksBuildPhase section */
		173B3E30285D456E00977AB8 /* Frameworks */ = {
			isa = PBXFrameworksBuildPhase;
			buildActionMask = 2147483647;
			files = (
			);
			runOnlyForDeploymentPostprocessing = 0;
		};
/* End PBXFrameworksBuildPhase section */

/* Begin PBXGroup section */
		171C9B4B2884F9B30048CA40 /* My FotoCollection Fullscreen Cell */ = {
			isa = PBXGroup;
			children = (
				174ECE45287FB98500898BF0 /* FullScreenCollectionViewCell.swift */,
				171C9B472882578E0048CA40 /* myFotoCollectionViewCell.swift */,
				171C9B482882578E0048CA40 /* myFotoCollectionViewCell.xib */,
				174ECE46287FB98500898BF0 /* FullScreenCollectionViewCell.xib */,
			);
			path = "My FotoCollection Fullscreen Cell";
			sourceTree = "<group>";
		};
		173B3E2A285D456D00977AB8 = {
			isa = PBXGroup;
			children = (
				173B3E35285D456E00977AB8 /* InComX */,
				173B3E34285D456E00977AB8 /* Products */,
			);
			sourceTree = "<group>";
		};
		173B3E34285D456E00977AB8 /* Products */ = {
			isa = PBXGroup;
			children = (
				173B3E33285D456E00977AB8 /* InComX.app */,
			);
			name = Products;
			sourceTree = "<group>";
		};
		173B3E35285D456E00977AB8 /* InComX */ = {
			isa = PBXGroup;
			children = (
				173B3E36285D456E00977AB8 /* AppDelegate.swift */,
				173B3E38285D456E00977AB8 /* SceneDelegate.swift */,
				17D6409B286714ED00E46304 /* Controller */,
				17D6409E2867185400E46304 /* Friends View Cell */,
				17CCDE62286EDCD1002D0A64 /* Group View Cell */,
				17D640A028671A0C00E46304 /* Extension */,
				17D640A128671A6700E46304 /* Resourse */,
				173B3E44285D457300977AB8 /* Info.plist */,
				171C9B4B2884F9B30048CA40 /* My FotoCollection Fullscreen Cell */,
				17D6409F286719EC00E46304 /* Model */,
			);
			path = InComX;
			sourceTree = "<group>";
		};
		17CCDE62286EDCD1002D0A64 /* Group View Cell */ = {
			isa = PBXGroup;
			children = (
				1797AA0B28699B26003DE1F8 /* GroupTableViewCell.swift */,
				1742CEDC286AA2AD00272B2F /* AddGroupTableViewCell.swift */,
			);
			path = "Group View Cell";
			sourceTree = "<group>";
		};
		17D6409B286714ED00E46304 /* Controller */ = {
			isa = PBXGroup;
			children = (
				17D640A22867468B00E46304 /* OneTabBarViewController.swift */,
				1797A9FC28694565003DE1F8 /* ProfileFriendsViewController.swift */,
				17F98A34286BD50300A696B5 /* ProfileUserViewController.swift */,
				1797A9FA28694510003DE1F8 /* FriendsTableViewController.swift */,
				1797AA0228695E48003DE1F8 /* IndividualCollectionViewController.swift */,
				173B3E3A285D456E00977AB8 /* ViewController.swift */,
				1742CEDA286AA28E00272B2F /* AddGroupTableViewController.swift */,
				17D640A42867482A00E46304 /* GroupTableViewController.swift */,
				17B2E9192873E2B100737AA7 /* NewsTableViewController.swift */,
				17B2E92328743A9C00737AA7 /* NewsViewController.swift */,
				174ECE43287FB5E100898BF0 /* FullScreenViewController.swift */,
			);
			path = Controller;
			sourceTree = "<group>";
		};
		17D6409E2867185400E46304 /* Friends View Cell */ = {
			isa = PBXGroup;
			children = (
				1797AA0628696C06003DE1F8 /* IndividualCollectionViewCell.swift */,
				1797A9FE2869492A003DE1F8 /* FriendsTableViewCell.swift */,
				1723AB142872C2EF00DFD628 /* XibFriendsTableViewCell.swift */,
				1723AB152872C2EF00DFD628 /* XibFriendsTableViewCell.xib */,
				17B2E91F2873F76700737AA7 /* NewsTableViewCell.swift */,
			);
			path = "Friends View Cell";
			sourceTree = "<group>";
		};
		17D6409F286719EC00E46304 /* Model */ = {
			isa = PBXGroup;
			children = (
				1797AA0028695030003DE1F8 /* Friends.swift */,
				1742CED3286A846000272B2F /* Group.swift */,
				17F98A38286BDEC800A696B5 /* ProfileUser.swift */,
				17B2E9212873FA0700737AA7 /* News.swift */,
				171C9B45288236260048CA40 /* FotoGallery.swift */,
			);
			path = Model;
			sourceTree = "<group>";
		};
		17D640A028671A0C00E46304 /* Extension */ = {
			isa = PBXGroup;
			children = (
				17D6409C286715D200E46304 /* UIViewController+extension.swift */,
			);
			path = Extension;
			sourceTree = "<group>";
		};
		17D640A128671A6700E46304 /* Resourse */ = {
			isa = PBXGroup;
			children = (
				173B3E3C285D456E00977AB8 /* Main.storyboard */,
				173B3E3F285D457300977AB8 /* Assets.xcassets */,
				173B3E41285D457300977AB8 /* LaunchScreen.storyboard */,
			);
			path = Resourse;
			sourceTree = "<group>";
		};
/* End PBXGroup section */

/* Begin PBXNativeTarget section */
		173B3E32285D456E00977AB8 /* InComX */ = {
			isa = PBXNativeTarget;
			buildConfigurationList = 173B3E47285D457300977AB8 /* Build configuration list for PBXNativeTarget "InComX" */;
			buildPhases = (
				173B3E2F285D456E00977AB8 /* Sources */,
				173B3E30285D456E00977AB8 /* Frameworks */,
				173B3E31285D456E00977AB8 /* Resources */,
			);
			buildRules = (
			);
			dependencies = (
			);
			name = InComX;
			productName = InComX;
			productReference = 173B3E33285D456E00977AB8 /* InComX.app */;
			productType = "com.apple.product-type.application";
		};
/* End PBXNativeTarget section */

/* Begin PBXProject section */
		173B3E2B285D456D00977AB8 /* Project object */ = {
			isa = PBXProject;
			attributes = {
				BuildIndependentTargetsInParallel = 1;
				LastSwiftUpdateCheck = 1340;
				LastUpgradeCheck = 1340;
				TargetAttributes = {
					173B3E32285D456E00977AB8 = {
						CreatedOnToolsVersion = 13.4.1;
					};
				};
			};
			buildConfigurationList = 173B3E2E285D456D00977AB8 /* Build configuration list for PBXProject "InComX" */;
			compatibilityVersion = "Xcode 13.0";
			developmentRegion = en;
			hasScannedForEncodings = 0;
			knownRegions = (
				en,
				Base,
			);
			mainGroup = 173B3E2A285D456D00977AB8;
			productRefGroup = 173B3E34285D456E00977AB8 /* Products */;
			projectDirPath = "";
			projectRoot = "";
			targets = (
				173B3E32285D456E00977AB8 /* InComX */,
			);
		};
/* End PBXProject section */

/* Begin PBXResourcesBuildPhase section */
		173B3E31285D456E00977AB8 /* Resources */ = {
			isa = PBXResourcesBuildPhase;
			buildActionMask = 2147483647;
			files = (
				171C9B4A2882578E0048CA40 /* myFotoCollectionViewCell.xib in Resources */,
				174ECE48287FB98500898BF0 /* FullScreenCollectionViewCell.xib in Resources */,
				173B3E43285D457300977AB8 /* LaunchScreen.storyboard in Resources */,
				1723AB172872C2EF00DFD628 /* XibFriendsTableViewCell.xib in Resources */,
				173B3E40285D457300977AB8 /* Assets.xcassets in Resources */,
				173B3E3E285D456E00977AB8 /* Main.storyboard in Resources */,
			);
			runOnlyForDeploymentPostprocessing = 0;
		};
/* End PBXResourcesBuildPhase section */

/* Begin PBXSourcesBuildPhase section */
		173B3E2F285D456E00977AB8 /* Sources */ = {
			isa = PBXSourcesBuildPhase;
			buildActionMask = 2147483647;
			files = (
				1797A9FD28694565003DE1F8 /* ProfileFriendsViewController.swift in Sources */,
				173B3E3B285D456E00977AB8 /* ViewController.swift in Sources */,
				17B2E9202873F76700737AA7 /* NewsTableViewCell.swift in Sources */,
				1742CEDB286AA28E00272B2F /* AddGroupTableViewController.swift in Sources */,
				1797AA0128695030003DE1F8 /* Friends.swift in Sources */,
				1742CED4286A846000272B2F /* Group.swift in Sources */,
				1797A9FF2869492A003DE1F8 /* FriendsTableViewCell.swift in Sources */,
				1797AA0728696C06003DE1F8 /* IndividualCollectionViewCell.swift in Sources */,
				1797A9FB28694510003DE1F8 /* FriendsTableViewController.swift in Sources */,
				17F98A39286BDEC800A696B5 /* ProfileUser.swift in Sources */,
				17F98A35286BD50300A696B5 /* ProfileUserViewController.swift in Sources */,
				17D6409D286715D200E46304 /* UIViewController+extension.swift in Sources */,
				1797AA0C28699B26003DE1F8 /* GroupTableViewCell.swift in Sources */,
				171C9B492882578E0048CA40 /* myFotoCollectionViewCell.swift in Sources */,
				173B3E37285D456E00977AB8 /* AppDelegate.swift in Sources */,
				17B2E91A2873E2B100737AA7 /* NewsTableViewController.swift in Sources */,
				171C9B46288236260048CA40 /* FotoGallery.swift in Sources */,
				17D640A32867468B00E46304 /* OneTabBarViewController.swift in Sources */,
				17B2E9222873FA0700737AA7 /* News.swift in Sources */,
				17B2E92428743A9C00737AA7 /* NewsViewController.swift in Sources */,
				1723AB162872C2EF00DFD628 /* XibFriendsTableViewCell.swift in Sources */,
				17D640A52867482A00E46304 /* GroupTableViewController.swift in Sources */,
				174ECE44287FB5E100898BF0 /* FullScreenViewController.swift in Sources */,
				1797AA0328695E48003DE1F8 /* IndividualCollectionViewController.swift in Sources */,
				173B3E39285D456E00977AB8 /* SceneDelegate.swift in Sources */,
				1742CEDD286AA2AD00272B2F /* AddGroupTableViewCell.swift in Sources */,
				174ECE47287FB98500898BF0 /* FullScreenCollectionViewCell.swift in Sources */,
			);
			runOnlyForDeploymentPostprocessing = 0;
		};
/* End PBXSourcesBuildPhase section */

/* Begin PBXVariantGroup section */
		173B3E3C285D456E00977AB8 /* Main.storyboard */ = {
			isa = PBXVariantGroup;
			children = (
				173B3E3D285D456E00977AB8 /* Base */,
			);
			name = Main.storyboard;
			sourceTree = "<group>";
		};
		173B3E41285D457300977AB8 /* LaunchScreen.storyboard */ = {
			isa = PBXVariantGroup;
			children = (
				173B3E42285D457300977AB8 /* Base */,
			);
			name = LaunchScreen.storyboard;
			sourceTree = "<group>";
		};
/* End PBXVariantGroup section */

/* Begin XCBuildConfiguration section */
		173B3E45285D457300977AB8 /* Debug */ = {
			isa = XCBuildConfiguration;
			buildSettings = {
				ALWAYS_SEARCH_USER_PATHS = NO;
				CLANG_ANALYZER_NONNULL = YES;
				CLANG_ANALYZER_NUMBER_OBJECT_CONVERSION = YES_AGGRESSIVE;
				CLANG_CXX_LANGUAGE_STANDARD = "gnu++17";
				CLANG_ENABLE_MODULES = YES;
				CLANG_ENABLE_OBJC_ARC = YES;
				CLANG_ENABLE_OBJC_WEAK = YES;
				CLANG_WARN_BLOCK_CAPTURE_AUTORELEASING = YES;
				CLANG_WARN_BOOL_CONVERSION = YES;
				CLANG_WARN_COMMA = YES;
				CLANG_WARN_CONSTANT_CONVERSION = YES;
				CLANG_WARN_DEPRECATED_OBJC_IMPLEMENTATIONS = YES;
				CLANG_WARN_DIRECT_OBJC_ISA_USAGE = YES_ERROR;
				CLANG_WARN_DOCUMENTATION_COMMENTS = YES;
				CLANG_WARN_EMPTY_BODY = YES;
				CLANG_WARN_ENUM_CONVERSION = YES;
				CLANG_WARN_INFINITE_RECURSION = YES;
				CLANG_WARN_INT_CONVERSION = YES;
				CLANG_WARN_NON_LITERAL_NULL_CONVERSION = YES;
				CLANG_WARN_OBJC_IMPLICIT_RETAIN_SELF = YES;
				CLANG_WARN_OBJC_LITERAL_CONVERSION = YES;
				CLANG_WARN_OBJC_ROOT_CLASS = YES_ERROR;
				CLANG_WARN_QUOTED_INCLUDE_IN_FRAMEWORK_HEADER = YES;
				CLANG_WARN_RANGE_LOOP_ANALYSIS = YES;
				CLANG_WARN_STRICT_PROTOTYPES = YES;
				CLANG_WARN_SUSPICIOUS_MOVE = YES;
				CLANG_WARN_UNGUARDED_AVAILABILITY = YES_AGGRESSIVE;
				CLANG_WARN_UNREACHABLE_CODE = YES;
				CLANG_WARN__DUPLICATE_METHOD_MATCH = YES;
				COPY_PHASE_STRIP = NO;
				DEBUG_INFORMATION_FORMAT = dwarf;
				ENABLE_STRICT_OBJC_MSGSEND = YES;
				ENABLE_TESTABILITY = YES;
				GCC_C_LANGUAGE_STANDARD = gnu11;
				GCC_DYNAMIC_NO_PIC = NO;
				GCC_NO_COMMON_BLOCKS = YES;
				GCC_OPTIMIZATION_LEVEL = 0;
				GCC_PREPROCESSOR_DEFINITIONS = (
					"DEBUG=1",
					"$(inherited)",
				);
				GCC_WARN_64_TO_32_BIT_CONVERSION = YES;
				GCC_WARN_ABOUT_RETURN_TYPE = YES_ERROR;
				GCC_WARN_UNDECLARED_SELECTOR = YES;
				GCC_WARN_UNINITIALIZED_AUTOS = YES_AGGRESSIVE;
				GCC_WARN_UNUSED_FUNCTION = YES;
				GCC_WARN_UNUSED_VARIABLE = YES;
				IPHONEOS_DEPLOYMENT_TARGET = 15.5;
				MTL_ENABLE_DEBUG_INFO = INCLUDE_SOURCE;
				MTL_FAST_MATH = YES;
				ONLY_ACTIVE_ARCH = YES;
				SDKROOT = iphoneos;
				SWIFT_ACTIVE_COMPILATION_CONDITIONS = DEBUG;
				SWIFT_OPTIMIZATION_LEVEL = "-Onone";
			};
			name = Debug;
		};
		173B3E46285D457300977AB8 /* Release */ = {
			isa = XCBuildConfiguration;
			buildSettings = {
				ALWAYS_SEARCH_USER_PATHS = NO;
				CLANG_ANALYZER_NONNULL = YES;
				CLANG_ANALYZER_NUMBER_OBJECT_CONVERSION = YES_AGGRESSIVE;
				CLANG_CXX_LANGUAGE_STANDARD = "gnu++17";
				CLANG_ENABLE_MODULES = YES;
				CLANG_ENABLE_OBJC_ARC = YES;
				CLANG_ENABLE_OBJC_WEAK = YES;
				CLANG_WARN_BLOCK_CAPTURE_AUTORELEASING = YES;
				CLANG_WARN_BOOL_CONVERSION = YES;
				CLANG_WARN_COMMA = YES;
				CLANG_WARN_CONSTANT_CONVERSION = YES;
				CLANG_WARN_DEPRECATED_OBJC_IMPLEMENTATIONS = YES;
				CLANG_WARN_DIRECT_OBJC_ISA_USAGE = YES_ERROR;
				CLANG_WARN_DOCUMENTATION_COMMENTS = YES;
				CLANG_WARN_EMPTY_BODY = YES;
				CLANG_WARN_ENUM_CONVERSION = YES;
				CLANG_WARN_INFINITE_RECURSION = YES;
				CLANG_WARN_INT_CONVERSION = YES;
				CLANG_WARN_NON_LITERAL_NULL_CONVERSION = YES;
				CLANG_WARN_OBJC_IMPLICIT_RETAIN_SELF = YES;
				CLANG_WARN_OBJC_LITERAL_CONVERSION = YES;
				CLANG_WARN_OBJC_ROOT_CLASS = YES_ERROR;
				CLANG_WARN_QUOTED_INCLUDE_IN_FRAMEWORK_HEADER = YES;
				CLANG_WARN_RANGE_LOOP_ANALYSIS = YES;
				CLANG_WARN_STRICT_PROTOTYPES = YES;
				CLANG_WARN_SUSPICIOUS_MOVE = YES;
				CLANG_WARN_UNGUARDED_AVAILABILITY = YES_AGGRESSIVE;
				CLANG_WARN_UNREACHABLE_CODE = YES;
				CLANG_WARN__DUPLICATE_METHOD_MATCH = YES;
				COPY_PHASE_STRIP = NO;
				DEBUG_INFORMATION_FORMAT = "dwarf-with-dsym";
				ENABLE_NS_ASSERTIONS = NO;
				ENABLE_STRICT_OBJC_MSGSEND = YES;
				GCC_C_LANGUAGE_STANDARD = gnu11;
				GCC_NO_COMMON_BLOCKS = YES;
				GCC_WARN_64_TO_32_BIT_CONVERSION = YES;
				GCC_WARN_ABOUT_RETURN_TYPE = YES_ERROR;
				GCC_WARN_UNDECLARED_SELECTOR = YES;
				GCC_WARN_UNINITIALIZED_AUTOS = YES_AGGRESSIVE;
				GCC_WARN_UNUSED_FUNCTION = YES;
				GCC_WARN_UNUSED_VARIABLE = YES;
				IPHONEOS_DEPLOYMENT_TARGET = 15.5;
				MTL_ENABLE_DEBUG_INFO = NO;
				MTL_FAST_MATH = YES;
				SDKROOT = iphoneos;
				SWIFT_COMPILATION_MODE = wholemodule;
				SWIFT_OPTIMIZATION_LEVEL = "-O";
				VALIDATE_PRODUCT = YES;
			};
			name = Release;
		};
		173B3E48285D457300977AB8 /* Debug */ = {
			isa = XCBuildConfiguration;
			buildSettings = {
				ASSETCATALOG_COMPILER_APPICON_NAME = AppIcon;
				ASSETCATALOG_COMPILER_GLOBAL_ACCENT_COLOR_NAME = AccentColor;
				CODE_SIGN_STYLE = Automatic;
				CURRENT_PROJECT_VERSION = 1;
				GENERATE_INFOPLIST_FILE = YES;
				INFOPLIST_FILE = InComX/Info.plist;
				INFOPLIST_KEY_LSApplicationCategoryType = "";
				INFOPLIST_KEY_UIApplicationSupportsIndirectInputEvents = YES;
				INFOPLIST_KEY_UILaunchStoryboardName = LaunchScreen;
				INFOPLIST_KEY_UIMainStoryboardFile = Main;
				INFOPLIST_KEY_UIStatusBarHidden = NO;
				INFOPLIST_KEY_UISupportedInterfaceOrientations_iPad = "UIInterfaceOrientationPortrait UIInterfaceOrientationPortraitUpsideDown UIInterfaceOrientationLandscapeLeft UIInterfaceOrientationLandscapeRight";
				INFOPLIST_KEY_UISupportedInterfaceOrientations_iPhone = "UIInterfaceOrientationPortrait UIInterfaceOrientationLandscapeLeft UIInterfaceOrientationLandscapeRight";
				LD_RUNPATH_SEARCH_PATHS = (
					"$(inherited)",
					"@executable_path/Frameworks",
				);
				MARKETING_VERSION = 1.0;
				PRODUCT_BUNDLE_IDENTIFIER = Plesovskikh.InComX;
				PRODUCT_NAME = "$(TARGET_NAME)";
				SWIFT_EMIT_LOC_STRINGS = YES;
				SWIFT_VERSION = 5.0;
				TARGETED_DEVICE_FAMILY = 1;
			};
			name = Debug;
		};
		173B3E49285D457300977AB8 /* Release */ = {
			isa = XCBuildConfiguration;
			buildSettings = {
				ASSETCATALOG_COMPILER_APPICON_NAME = AppIcon;
				ASSETCATALOG_COMPILER_GLOBAL_ACCENT_COLOR_NAME = AccentColor;
				CODE_SIGN_STYLE = Automatic;
				CURRENT_PROJECT_VERSION = 1;
				GENERATE_INFOPLIST_FILE = YES;
				INFOPLIST_FILE = InComX/Info.plist;
				INFOPLIST_KEY_LSApplicationCategoryType = "";
				INFOPLIST_KEY_UIApplicationSupportsIndirectInputEvents = YES;
				INFOPLIST_KEY_UILaunchStoryboardName = LaunchScreen;
				INFOPLIST_KEY_UIMainStoryboardFile = Main;
				INFOPLIST_KEY_UIStatusBarHidden = NO;
				INFOPLIST_KEY_UISupportedInterfaceOrientations_iPad = "UIInterfaceOrientationPortrait UIInterfaceOrientationPortraitUpsideDown UIInterfaceOrientationLandscapeLeft UIInterfaceOrientationLandscapeRight";
				INFOPLIST_KEY_UISupportedInterfaceOrientations_iPhone = "UIInterfaceOrientationPortrait UIInterfaceOrientationLandscapeLeft UIInterfaceOrientationLandscapeRight";
				LD_RUNPATH_SEARCH_PATHS = (
					"$(inherited)",
					"@executable_path/Frameworks",
				);
				MARKETING_VERSION = 1.0;
				PRODUCT_BUNDLE_IDENTIFIER = Plesovskikh.InComX;
				PRODUCT_NAME = "$(TARGET_NAME)";
				SWIFT_EMIT_LOC_STRINGS = YES;
				SWIFT_VERSION = 5.0;
				TARGETED_DEVICE_FAMILY = 1;
			};
			name = Release;
		};
/* End XCBuildConfiguration section */

/* Begin XCConfigurationList section */
		173B3E2E285D456D00977AB8 /* Build configuration list for PBXProject "InComX" */ = {
			isa = XCConfigurationList;
			buildConfigurations = (
				173B3E45285D457300977AB8 /* Debug */,
				173B3E46285D457300977AB8 /* Release */,
			);
			defaultConfigurationIsVisible = 0;
			defaultConfigurationName = Release;
		};
		173B3E47285D457300977AB8 /* Build configuration list for PBXNativeTarget "InComX" */ = {
			isa = XCConfigurationList;
			buildConfigurations = (
				173B3E48285D457300977AB8 /* Debug */,
				173B3E49285D457300977AB8 /* Release */,
			);
			defaultConfigurationIsVisible = 0;
			defaultConfigurationName = Release;
		};
/* End XCConfigurationList section */
	};
	rootObject = 173B3E2B285D456D00977AB8 /* Project object */;
}
